<?xml version="1.0" encoding="utf-8"?>
<Project ToolsVersion="4.0" xmlns="http://schemas.microsoft.com/developer/msbuild/2003">
  <ItemGroup>
    <Filter Include="Source Files">
      <UniqueIdentifier>{4FC737F1-C7A5-4376-A066-2A32D752A2FF}</UniqueIdentifier>
      <Extensions>cpp;c;cc;cxx;def;odl;idl;hpj;bat;asm;asmx</Extensions>
    </Filter>
    <Filter Include="Source Files\blake">
      <UniqueIdentifier>{9e2c2382-1901-4106-b7e9-e02b9640cc3b}</UniqueIdentifier>
    </Filter>
  </ItemGroup>
  <ItemGroup>
    <ClCompile Include="CryptonightR_test.cpp">
      <Filter>Source Files</Filter>
    </ClCompile>
    <ClCompile Include="CryptonightR_gen.cpp">
      <Filter>Source Files</Filter>
    </ClCompile>
    <ClCompile Include="..\slow_hash_test\blake256.c">
      <Filter>Source Files\blake</Filter>
    </ClCompile>
    <ClCompile Include="..\slow_hash_test\hash-extra-blake.c">
      <Filter>Source Files\blake</Filter>
    </ClCompile>
  </ItemGroup>
  <ItemGroup>
    <None Include="random_math.inc">
      <Filter>Source Files</Filter>
    </None>
    <None Include="random_math.inl">
      <Filter>Source Files</Filter>
    </None>
    <None Include="CryptonightR_template.inc">
      <Filter>Source Files</Filter>
    </None>
  </ItemGroup>
  <ItemGroup>
    <MASM Include="CryptonightR.asm">
      <Filter>Source Files</Filter>
    </MASM>
    <MASM Include="CryptonightR_template.asm">
      <Filter>Source Files</Filter>
    </MASM>
    <MASM Include="cnv2_main_loop.asm">
      <Filter>Source Files</Filter>
    </MASM>
  </ItemGroup>
  <ItemGroup>
    <ClInclude Include="CryptonightR_template.h">
      <Filter>Source Files</Filter>
    </ClInclude>
    <ClInclude Include="definitions.h">
      <Filter>Source Files</Filter>
    </ClInclude>
  </ItemGroup>
</Project>